# @generated - this file is auto-generated by `mise lock` https://mise.jdx.dev/dev-tools/mise-lock.html

lockfile_version = 2

[[tools."cargo:example"]]
version = "0.1.0"
backend = "cargo:example"
specifiers = ["0.1.0"]

[tools."cargo:example".options]
default-features = "false"
features = "a,b"

[[tools.example-jdk]]
version = "1.0.0"
backend = "core:java"
specifiers = ["1.0.0"]

[tools.example-jdk."platforms.linux-x64"]
checksum = "sha1:acc2507efea3af8c45e26e5acc0fa4acc0bd97bf"
url = "https://example.com/jdk-1.0.0-linux-x64.tar.gz"

[tools.example-jdk."platforms.linux-arm64"]
checksum = "sha1:be935460192ad02f468794a03adadf41daf524f9"
url = "https://example.com/jdk-1.0.0-linux-arm64.tar.gz"

[tools.example-jdk."platforms.macos-x64"]
checksum = "sha1:cd8ff7e03029333a1a361529c18b4b7d21a46672"
url = "https://example.com/jdk-1.0.0-macos-x64.tar.gz"

[tools.example-jdk."platforms.macos-arm64"]
checksum = "sha1:cb3151a1f48373dc55d9364fc502f243a2d084b9"
url = "https://example.com/jdk-1.0.0-macos-arm64.tar.gz"

[tools.example-jdk."platforms.windows-x64"]
checksum = "sha1:6ea5c2b2ff666562dd8e98167c3dfdaf774f279a"
url = "https://example.com/jdk-1.0.0-windows-x64.tar.gz"

[[tools."github:example/tool"]]
version = "1.2.3"
backend = "github:example/tool"
specifiers = ["1.2.3"]

[tools."github:example/tool"."platforms.linux-x64"]
checksum = "sha256:0618b0aa3b161db55ef15657514d7efb0b64e331c92b3239d17ea572b5258bc5"
url = "https://github.com/example/tool/releases/download/v1.2.3/tool-linux-x64.tar.gz"

[tools."github:example/tool"."platforms.macos-x64"]
checksum = "sha256:3b0a20d58db8d0d606f245363db0284875f964c7fc4101f2304c63b7cf6ec7f4"
url = "https://github.com/example/tool/releases/download/v1.2.3/tool-macos-x64.tar.gz"

[tools."github:example/tool"."platforms.macos-arm64"]
checksum = "sha256:998e9fc6dc1a3c1db79653d5d0bf36bf5e73e300e57f0667cb8a1eb4ff2df9e5"
url = "https://github.com/example/tool/releases/download/v1.2.3/tool-macos-arm64.tar.gz"

[tools."github:example/tool"."platforms.windows-x64"]
checksum = "sha256:658e72650d69271a4fe33f0fd76cd4b954302dbafe7384a1a55a8122b922ec8c"
url = "https://github.com/example/tool/releases/download/v1.2.3/tool-windows-x64.tar.gz"

[[tools.node]]
version = "24.21.0"
backend = "core:node"
specifiers = ["24.21.0"]

[tools.node."platforms.linux-x64"]
checksum = "sha256:3d5d9b4501ef5d3754b9e78c33335ed708d3686c7669d4bd2491d8c801510849"
url = "https://nodejs.org/dist/v24.21.0/node-v24.21.0-linux-x64.tar.gz"

[tools.node."platforms.linux-arm64"]
checksum = "sha256:4509ce8e646bcc00a4e4686fb1860eb2bcaa4e58ce78d0466aa92ad61e313cfe"
url = "https://nodejs.org/dist/v24.21.0/node-v24.21.0-linux-arm64.tar.gz"

[tools.node."platforms.macos-x64"]
checksum = "sha256:97fd4df7387a9bf1300c383ed5a2c9aeb8d0ff599dc2d7245929607672af5461"
url = "https://nodejs.org/dist/v24.21.0/node-v24.21.0-macos-x64.tar.gz"

[tools.node."platforms.macos-arm64"]
checksum = "sha256:860381c3e930f1dc976a8b665e8d49edb67655d03c7ad862a26415f07d6c1838"
url = "https://nodejs.org/dist/v24.21.0/node-v24.21.0-macos-arm64.tar.gz"
