# @generated - this file is auto-generated by `mise lock` https://mise.jdx.dev/dev-tools/mise-lock.html

lockfile_version = 2

[[tools.ast-grep]]
version = "0.45.3"
backend = "aqua:ast-grep/ast-grep"
specifiers = ["0.45.3"]

[tools.ast-grep."platforms.linux-arm64"]
checksum = "sha256:b39cfbc58da4b869a88b8a4bc57bd5deb0d24541e704cf7c257da7b53ec81c8f"
url = "https://github.com/ast-grep/ast-grep/releases/download/0.45.3/app-aarch64-unknown-linux-gnu.zip"
url_api = "https://api.github.com/repos/ast-grep/ast-grep/releases/assets/537333400"

[tools.ast-grep."platforms.linux-x64"]
checksum = "sha256:f8ac830881339d1edee6b2652f54798c0f4da5a827f2db38a08ee31117783ce8"
url = "https://github.com/ast-grep/ast-grep/releases/download/0.45.3/app-x86_64-unknown-linux-gnu.zip"
url_api = "https://api.github.com/repos/ast-grep/ast-grep/releases/assets/537332692"

[tools.ast-grep."platforms.macos-arm64"]
checksum = "sha256:6d2279dea5bea2ad79c66ea93f5fe54ba926e398a8a26de76c56db68fe59eac6"
url = "https://github.com/ast-grep/ast-grep/releases/download/0.45.3/app-aarch64-apple-darwin.zip"
url_api = "https://api.github.com/repos/ast-grep/ast-grep/releases/assets/537332514"

[tools.ast-grep."platforms.macos-x64"]
checksum = "sha256:b2ffd26f42810340326a9e8a084bdc3647a8795c1a3f21fc06bd7bef3c7c5b2c"
url = "https://github.com/ast-grep/ast-grep/releases/download/0.45.3/app-x86_64-apple-darwin.zip"
url_api = "https://api.github.com/repos/ast-grep/ast-grep/releases/assets/537333391"

[tools.ast-grep."platforms.windows-x64"]
checksum = "sha256:3751b7d6be7fd39a80df1180ffe7e053903dcf92d3190e5a8336ff1746af9059"
url = "https://github.com/ast-grep/ast-grep/releases/download/0.45.3/app-x86_64-pc-windows-msvc.zip"
url_api = "https://api.github.com/repos/ast-grep/ast-grep/releases/assets/537334241"

[[tools.cargo-deny]]
version = "0.20.2"
backend = "aqua:EmbarkStudios/cargo-deny"
specifiers = ["0.20.2"]

[tools.cargo-deny."platforms.linux-arm64"]
checksum = "sha256:995c82be0defc7a025cae49a2aa2644ce8245c9a3318fc4103907c6a285e8c7d"
url = "https://github.com/EmbarkStudios/cargo-deny/releases/download/0.20.2/cargo-deny-0.20.2-aarch64-unknown-linux-musl.tar.gz"
url_api = "https://api.github.com/repos/EmbarkStudios/cargo-deny/releases/assets/471598345"

[tools.cargo-deny."platforms.linux-x64"]
checksum = "sha256:9f12ed4c49936e09b48bf862b595cde2fe64fcbd9d74dfacac6131ca824c8d5f"
url = "https://github.com/EmbarkStudios/cargo-deny/releases/download/0.20.2/cargo-deny-0.20.2-x86_64-unknown-linux-musl.tar.gz"
url_api = "https://api.github.com/repos/EmbarkStudios/cargo-deny/releases/assets/471598214"

[tools.cargo-deny."platforms.macos-arm64"]
checksum = "sha256:fe67d82a10d8597a3549364cb733a3f9cc1bfff9031b7ae46384a9f2a72090c3"
url = "https://github.com/EmbarkStudios/cargo-deny/releases/download/0.20.2/cargo-deny-0.20.2-aarch64-apple-darwin.tar.gz"
url_api = "https://api.github.com/repos/EmbarkStudios/cargo-deny/releases/assets/471597689"

[tools.cargo-deny."platforms.macos-x64"]
checksum = "sha256:248da7f581724e470071990c088ffc55c811981715f4cbdb258621fb79f8b7a6"
url = "https://github.com/EmbarkStudios/cargo-deny/releases/download/0.20.2/cargo-deny-0.20.2-x86_64-apple-darwin.tar.gz"
url_api = "https://api.github.com/repos/EmbarkStudios/cargo-deny/releases/assets/471598357"

[tools.cargo-deny."platforms.windows-x64"]
checksum = "sha256:975a22143262fd27476d19ee00c7af67978426e40e1dee94eed6bbade1cf87dc"
url = "https://github.com/EmbarkStudios/cargo-deny/releases/download/0.20.2/cargo-deny-0.20.2-x86_64-pc-windows-msvc.tar.gz"
url_api = "https://api.github.com/repos/EmbarkStudios/cargo-deny/releases/assets/471599057"

[[tools."cargo:sqlx-cli"]]
version = "0.9.0"
backend = "cargo:sqlx-cli"
specifiers = ["0.9.0"]

[tools."cargo:sqlx-cli".options]
default-features = "false"
features = "postgres,rustls"

[[tools."github:Boshen/cargo-shear"]]
version = "1.14.0"
backend = "github:Boshen/cargo-shear"
specifiers = ["1.14.0"]

[tools."github:Boshen/cargo-shear"."platforms.linux-arm64"]
checksum = "sha256:947d69177d812048452866d90b05d1bf95550f487522b922ebf0c0677a5698f8"
url = "https://github.com/Boshen/cargo-shear/releases/download/v1.14.0/cargo-shear-aarch64-unknown-linux-gnu.tar.gz"
url_api = "https://api.github.com/repos/Boshen/cargo-shear/releases/assets/580851818"
provenance = "github-attestations"

[tools."github:Boshen/cargo-shear"."platforms.linux-x64"]
checksum = "sha256:1d7d860fdbd0d95857ff1f2643cc70d20c5d31236159ad51be7ce436eb3e5bf4"
url = "https://github.com/Boshen/cargo-shear/releases/download/v1.14.0/cargo-shear-x86_64-unknown-linux-gnu.tar.gz"
url_api = "https://api.github.com/repos/Boshen/cargo-shear/releases/assets/580851856"
provenance = "github-attestations"

[tools."github:Boshen/cargo-shear"."platforms.macos-arm64"]
checksum = "sha256:e50b9375b1e93d2293c803819c118337f1e8fce519e4188a93bb0f5e08041ca3"
url = "https://github.com/Boshen/cargo-shear/releases/download/v1.14.0/cargo-shear-aarch64-apple-darwin.tar.gz"
url_api = "https://api.github.com/repos/Boshen/cargo-shear/releases/assets/580851820"
provenance = "github-attestations"

[tools."github:Boshen/cargo-shear"."platforms.macos-x64"]
checksum = "sha256:ea0df899fecd1ae8116d588c97ebdeef8c1ed487ac7df2701ab39d05063a7930"
url = "https://github.com/Boshen/cargo-shear/releases/download/v1.14.0/cargo-shear-x86_64-apple-darwin.tar.gz"
url_api = "https://api.github.com/repos/Boshen/cargo-shear/releases/assets/580851834"
provenance = "github-attestations"

[tools."github:Boshen/cargo-shear"."platforms.windows-x64"]
checksum = "sha256:1f81bdb905cb2cfbc95cb412ab4c1506136686b8d20b90b9ca1aa1ceded46760"
url = "https://github.com/Boshen/cargo-shear/releases/download/v1.14.0/cargo-shear-x86_64-pc-windows-msvc.zip"
url_api = "https://api.github.com/repos/Boshen/cargo-shear/releases/assets/580851837"
provenance = "github-attestations"

[[tools."github:oasdiff/oasdiff"]]
version = "1.32.1"
backend = "github:oasdiff/oasdiff"
specifiers = ["1.32.1"]

[tools."github:oasdiff/oasdiff"."platforms.linux-arm64"]
checksum = "sha256:32fff58a120f75a723d6c2422444691c37fa6813fed61d23f53dbcb604b30f6d"
url = "https://github.com/oasdiff/oasdiff/releases/download/v1.32.1/oasdiff_1.32.1_linux_arm64.tar.gz"
url_api = "https://api.github.com/repos/oasdiff/oasdiff/releases/assets/566286330"

[tools."github:oasdiff/oasdiff"."platforms.linux-x64"]
checksum = "sha256:7c8939fc49b75ee11fec66a5b83b37a2fca6aee109fed85013b1ba2ac2a1ee7f"
url = "https://github.com/oasdiff/oasdiff/releases/download/v1.32.1/oasdiff_1.32.1_linux_amd64.tar.gz"
url_api = "https://api.github.com/repos/oasdiff/oasdiff/releases/assets/566286334"

[tools."github:oasdiff/oasdiff"."platforms.macos-arm64"]
checksum = "sha256:e4d74b7e2dfb9d4819e7fc720c905ec86547e4637ac270a2b0187c0f1fb7187e"
url = "https://github.com/oasdiff/oasdiff/releases/download/v1.32.1/oasdiff_1.32.1_darwin_all.tar.gz"
url_api = "https://api.github.com/repos/oasdiff/oasdiff/releases/assets/566286356"

[tools."github:oasdiff/oasdiff"."platforms.macos-x64"]
checksum = "sha256:e4d74b7e2dfb9d4819e7fc720c905ec86547e4637ac270a2b0187c0f1fb7187e"
url = "https://github.com/oasdiff/oasdiff/releases/download/v1.32.1/oasdiff_1.32.1_darwin_all.tar.gz"
url_api = "https://api.github.com/repos/oasdiff/oasdiff/releases/assets/566286356"

[tools."github:oasdiff/oasdiff"."platforms.windows-x64"]
checksum = "sha256:4d0758b32d454e6011e59db93884af1ca27ae2b212d990f36738ea5efb5d7f28"
url = "https://github.com/oasdiff/oasdiff/releases/download/v1.32.1/oasdiff_1.32.1_windows_amd64.tar.gz"
url_api = "https://api.github.com/repos/oasdiff/oasdiff/releases/assets/566286325"

[[tools."github:sbdchd/squawk"]]
version = "2.66.0"
backend = "github:sbdchd/squawk"
specifiers = ["2.66.0"]

[tools."github:sbdchd/squawk"."platforms.linux-arm64"]
checksum = "sha256:04455267bb895de1568dc24e52eb062b311096ad614c3e15a77cf8a7b3483c2a"
url = "https://github.com/sbdchd/squawk/releases/download/v2.66.0/squawk-linux-arm64"
url_api = "https://api.github.com/repos/sbdchd/squawk/releases/assets/583898462"

[tools."github:sbdchd/squawk"."platforms.linux-x64"]
checksum = "sha256:e7965f8146b53cfa7a4625ceecfea5c6aeb35add39132210aa60b11ae180b9f4"
url = "https://github.com/sbdchd/squawk/releases/download/v2.66.0/squawk-linux-x64"
url_api = "https://api.github.com/repos/sbdchd/squawk/releases/assets/583897339"

[tools."github:sbdchd/squawk"."platforms.macos-arm64"]
checksum = "sha256:d273f3a234b81b8d540b2cdf1b07ed84f719a3ab11b47d6f3efe96baaf21b40b"
url = "https://github.com/sbdchd/squawk/releases/download/v2.66.0/squawk-darwin-arm64"
url_api = "https://api.github.com/repos/sbdchd/squawk/releases/assets/583896027"

[tools."github:sbdchd/squawk"."platforms.macos-x64"]
checksum = "sha256:e361365762a6bf11abbef746d29ff46ac0b4feba43df2f0570595f06c67d7daf"
url = "https://github.com/sbdchd/squawk/releases/download/v2.66.0/squawk-darwin-x64"
url_api = "https://api.github.com/repos/sbdchd/squawk/releases/assets/583894708"

[tools."github:sbdchd/squawk"."platforms.windows-x64"]
checksum = "sha256:36824c446ba3348c4037a33f9ab10427de03d553ea67b482ac3a098248203dc2"
url = "https://github.com/sbdchd/squawk/releases/download/v2.66.0/squawk-windows-x64.exe"
url_api = "https://api.github.com/repos/sbdchd/squawk/releases/assets/583892127"

[[tools."github:sourcefrog/cargo-mutants"]]
version = "27.1.0"
backend = "github:sourcefrog/cargo-mutants"
specifiers = ["27.1.0"]

[tools."github:sourcefrog/cargo-mutants"."platforms.linux-x64"]
checksum = "sha256:dfe6dc37d0342c891d2829b5a695aa57c2d0edecef7e7d0399a30cc6e206411e"
url = "https://github.com/sourcefrog/cargo-mutants/releases/download/v27.1.0/cargo-mutants-x86_64-unknown-linux-gnu.tar.gz"
url_api = "https://api.github.com/repos/sourcefrog/cargo-mutants/releases/assets/436335520"

[tools."github:sourcefrog/cargo-mutants"."platforms.macos-x64"]
checksum = "sha256:7109a9e9673fe0b977f622e6f32383b6d1cbbf3fbb63b7c30db3267462c74670"
url = "https://github.com/sourcefrog/cargo-mutants/releases/download/v27.1.0/cargo-mutants-x86_64-apple-darwin.tar.gz"
url_api = "https://api.github.com/repos/sourcefrog/cargo-mutants/releases/assets/436336082"

[tools."github:sourcefrog/cargo-mutants"."platforms.windows-x64"]
checksum = "sha256:2a2f00e47d4b458262a41501b0820aa26015fd35779903d2c8b30b2993f36791"
url = "https://github.com/sourcefrog/cargo-mutants/releases/download/v27.1.0/cargo-mutants-x86_64-pc-windows-msvc.zip"
url_api = "https://api.github.com/repos/sourcefrog/cargo-mutants/releases/assets/436338014"

[[tools."github:taiki-e/cargo-llvm-cov"]]
version = "0.9.1"
backend = "github:taiki-e/cargo-llvm-cov"
specifiers = ["0.9.1"]

[tools."github:taiki-e/cargo-llvm-cov"."platforms.linux-arm64"]
checksum = "sha256:abf5f13c1520f8756d2192bfaaeadb0208f5b7eaa8cadc15bf847befa42b7360"
url = "https://github.com/taiki-e/cargo-llvm-cov/releases/download/v0.9.1/cargo-llvm-cov-aarch64-unknown-linux-gnu.tar.gz"
url_api = "https://api.github.com/repos/taiki-e/cargo-llvm-cov/releases/assets/547403281"
provenance = "github-attestations"

[tools."github:taiki-e/cargo-llvm-cov"."platforms.linux-x64"]
checksum = "sha256:b3f68e625481fed9b16444174f3fa5ebcdbde4a1878803a35eabe2dcefcdc41a"
url = "https://github.com/taiki-e/cargo-llvm-cov/releases/download/v0.9.1/cargo-llvm-cov-x86_64-unknown-linux-gnu.tar.gz"
url_api = "https://api.github.com/repos/taiki-e/cargo-llvm-cov/releases/assets/547403171"
provenance = "github-attestations"

[tools."github:taiki-e/cargo-llvm-cov"."platforms.macos-arm64"]
checksum = "sha256:7e821a6c90c0884f79f759f5d9be50799ade67bb82515186d922f26032ef43b8"
url = "https://github.com/taiki-e/cargo-llvm-cov/releases/download/v0.9.1/cargo-llvm-cov-aarch64-apple-darwin.tar.gz"
url_api = "https://api.github.com/repos/taiki-e/cargo-llvm-cov/releases/assets/547403359"
provenance = "github-attestations"

[tools."github:taiki-e/cargo-llvm-cov"."platforms.macos-x64"]
checksum = "sha256:ddf949b82a63017441ea76aa068bdd7e2dde8055f47cd3ef736fdbbd633bc33e"
url = "https://github.com/taiki-e/cargo-llvm-cov/releases/download/v0.9.1/cargo-llvm-cov-x86_64-apple-darwin.tar.gz"
url_api = "https://api.github.com/repos/taiki-e/cargo-llvm-cov/releases/assets/547403156"
provenance = "github-attestations"

[tools."github:taiki-e/cargo-llvm-cov"."platforms.windows-x64"]
checksum = "sha256:656590cfa13bb7478595bbfdd3bc6bc075a4f7f3f0df5a439c1856cb03c5a4d2"
url = "https://github.com/taiki-e/cargo-llvm-cov/releases/download/v0.9.1/cargo-llvm-cov-x86_64-pc-windows-msvc.zip"
url_api = "https://api.github.com/repos/taiki-e/cargo-llvm-cov/releases/assets/547404215"
provenance = "github-attestations"

[[tools.gitleaks]]
version = "8.30.1"
backend = "aqua:gitleaks/gitleaks"
specifiers = ["8.30.1"]

[tools.gitleaks."platforms.linux-arm64"]
checksum = "sha256:e4a487ee7ccd7d3a7f7ec08657610aa3606637dab924210b3aee62570fb4b080"
url = "https://github.com/gitleaks/gitleaks/releases/download/v8.30.1/gitleaks_8.30.1_linux_arm64.tar.gz"
url_api = "https://api.github.com/repos/gitleaks/gitleaks/releases/assets/378332057"

[tools.gitleaks."platforms.linux-x64"]
checksum = "sha256:551f6fc83ea457d62a0d98237cbad105af8d557003051f41f3e7ca7b3f2470eb"
url = "https://github.com/gitleaks/gitleaks/releases/download/v8.30.1/gitleaks_8.30.1_linux_x64.tar.gz"
url_api = "https://api.github.com/repos/gitleaks/gitleaks/releases/assets/378332058"

[tools.gitleaks."platforms.macos-arm64"]
checksum = "sha256:b40ab0ae55c505963e365f271a8d3846efbc170aa17f2607f13df610a9aeb6a5"
url = "https://github.com/gitleaks/gitleaks/releases/download/v8.30.1/gitleaks_8.30.1_darwin_arm64.tar.gz"
url_api = "https://api.github.com/repos/gitleaks/gitleaks/releases/assets/378332059"

[tools.gitleaks."platforms.macos-x64"]
checksum = "sha256:dfe101a4db2255fc85120ac7f3d25e4342c3c20cf749f2c20a18081af1952709"
url = "https://github.com/gitleaks/gitleaks/releases/download/v8.30.1/gitleaks_8.30.1_darwin_x64.tar.gz"
url_api = "https://api.github.com/repos/gitleaks/gitleaks/releases/assets/378332053"

[tools.gitleaks."platforms.windows-x64"]
checksum = "sha256:d29144deff3a68aa93ced33dddf84b7fdc26070add4aa0f4513094c8332afc4e"
url = "https://github.com/gitleaks/gitleaks/releases/download/v8.30.1/gitleaks_8.30.1_windows_x64.zip"
url_api = "https://api.github.com/repos/gitleaks/gitleaks/releases/assets/378333178"

[[tools.node]]
version = "24.21.0"
backend = "core:node"
specifiers = ["24.21.0"]

[tools.node."platforms.linux-arm64"]
checksum = "sha256:724282c3b43aec998aa9527380465b45d229e021b58035f5f4f63095eabfe5d5"
url = "https://nodejs.org/dist/v24.21.0/node-v24.21.0-linux-arm64.tar.gz"

[tools.node."platforms.linux-x64"]
checksum = "sha256:6e1db87ef58b8819e5d5402eff1536491b18edd8eb7bee5ef7897876e88dc5ff"
url = "https://nodejs.org/dist/v24.21.0/node-v24.21.0-linux-x64.tar.gz"

[tools.node."platforms.macos-arm64"]
checksum = "sha256:bed7eea5325e1108f32ce5228ddd6a5f0f08a499ee42aa7442aea583702f6057"
url = "https://nodejs.org/dist/v24.21.0/node-v24.21.0-darwin-arm64.tar.gz"

[tools.node."platforms.macos-x64"]
checksum = "sha256:1462cb3b3046b815cf8ea436d3da450ec1a9f11dac7e5a46b0ada5305d7e8097"
url = "https://nodejs.org/dist/v24.21.0/node-v24.21.0-darwin-x64.tar.gz"

[tools.node."platforms.windows-x64"]
checksum = "sha256:158f7685b44de51f6c0df1d153526cbcd3e1bc739a8dfc607721cef75de9e541"
url = "https://nodejs.org/dist/v24.21.0/node-v24.21.0-win-x64.zip"

[[tools.trivy]]
version = "0.74.0"
backend = "aqua:aquasecurity/trivy"
specifiers = ["0.74.0"]

[tools.trivy."platforms.linux-arm64"]
checksum = "sha256:b94ce1976bbf3c15b514b605ee88be7c6d94a29be2302847ff01cb794d47aad5"
url = "https://github.com/aquasecurity/trivy/releases/download/v0.74.0/trivy_0.74.0_Linux-ARM64.tar.gz"
url_api = "https://api.github.com/repos/aquasecurity/trivy/releases/assets/514339429"
provenance = "cosign"

[tools.trivy."platforms.linux-x64"]
checksum = "sha256:2ae6fe3ee734b7fdf11335663e18c75ea12dccc76062f09f164a3b0f8be4371a"
url = "https://github.com/aquasecurity/trivy/releases/download/v0.74.0/trivy_0.74.0_Linux-64bit.tar.gz"
url_api = "https://api.github.com/repos/aquasecurity/trivy/releases/assets/514339431"
provenance = "cosign"

[tools.trivy."platforms.macos-arm64"]
checksum = "sha256:1caada5e0e2091909357c7525d3aa76f4b660b13821bc143b190c7483e31cc11"
url = "https://github.com/aquasecurity/trivy/releases/download/v0.74.0/trivy_0.74.0_macOS-ARM64.tar.gz"
url_api = "https://api.github.com/repos/aquasecurity/trivy/releases/assets/514339464"
provenance = "cosign"

[tools.trivy."platforms.macos-x64"]
checksum = "sha256:472816f6888dda689d075c30254d4210b4d1035acf365aa72332f584c2f60485"
url = "https://github.com/aquasecurity/trivy/releases/download/v0.74.0/trivy_0.74.0_macOS-64bit.tar.gz"
url_api = "https://api.github.com/repos/aquasecurity/trivy/releases/assets/514339388"
provenance = "cosign"

[tools.trivy."platforms.windows-x64"]
checksum = "sha256:94c40e0696e4b907a74b7b2e1438d5d72ebaca83115817407f568a002d520842"
url = "https://github.com/aquasecurity/trivy/releases/download/v0.74.0/trivy_0.74.0_windows-64bit.zip"
url_api = "https://api.github.com/repos/aquasecurity/trivy/releases/assets/514339469"
provenance = "cosign"

[[tools.vacuum]]
version = "0.30.6"
backend = "aqua:daveshanley/vacuum"
specifiers = ["0.30.6"]

[tools.vacuum."platforms.linux-arm64"]
checksum = "sha256:4e8389c0ad529b7bcdcfcff7e293f47adaf0e61a09e03186d5164dfd0a29cbe4"
url = "https://github.com/daveshanley/vacuum/releases/download/v0.30.6/vacuum_0.30.6_linux_arm64.tar.gz"
url_api = "https://api.github.com/repos/daveshanley/vacuum/releases/assets/565978272"
provenance = "cosign"

[tools.vacuum."platforms.linux-x64"]
checksum = "sha256:179f038a71cd88721738d6c739dd07fbeebc905b48301935f2416e66aead95c6"
url = "https://github.com/daveshanley/vacuum/releases/download/v0.30.6/vacuum_0.30.6_linux_x86_64.tar.gz"
url_api = "https://api.github.com/repos/daveshanley/vacuum/releases/assets/565978267"
provenance = "cosign"

[tools.vacuum."platforms.macos-arm64"]
checksum = "sha256:2725a960bc3677c111c6659636e57dfbc899b266064c425d4410de169a681e4e"
url = "https://github.com/daveshanley/vacuum/releases/download/v0.30.6/vacuum_0.30.6_darwin_arm64.tar.gz"
url_api = "https://api.github.com/repos/daveshanley/vacuum/releases/assets/565978344"
provenance = "cosign"

[tools.vacuum."platforms.macos-x64"]
checksum = "sha256:1f862a54ea4067c6ca2b7213769ffc0fd5fa938565dae3d41559a0f408199077"
url = "https://github.com/daveshanley/vacuum/releases/download/v0.30.6/vacuum_0.30.6_darwin_x86_64.tar.gz"
url_api = "https://api.github.com/repos/daveshanley/vacuum/releases/assets/565978345"
provenance = "cosign"

[tools.vacuum."platforms.windows-x64"]
checksum = "sha256:0a496205228971c1fe7d5712ccaaaf47899e5cda373a684d3f51042ed81b57f9"
url = "https://github.com/daveshanley/vacuum/releases/download/v0.30.6/vacuum_0.30.6_windows_x86_64.tar.gz"
url_api = "https://api.github.com/repos/daveshanley/vacuum/releases/assets/565978259"
provenance = "cosign"
